
Microsoft Visual Studio Solution File, Format Version 12.00
# Visual Studio Version 16
VisualStudioVersion = 16.0.31112.23
MinimumVisualStudioVersion = 10.0.40219.1
Project("{FAE04EC0-301F-11D3-BF4B-00C04F79EFBC}") = "Loger", "Loger\Loger.csproj", "{C5199BFF-BB17-4309-AF4C-5472EA3D5E9A}"
EndProject
Global
	GlobalSection(SolutionConfigurationPlatforms) = preSolution
		Debug|Any CPU = Debug|Any CPU
		Release|Any CPU = Release|Any CPU
	EndGlobalSection
	GlobalSection(ProjectConfigurationPlatforms) = postSolution
		{C5199BFF-BB17-4309-AF4C-5472EA3D5E9A}.Debug|Any CPU.ActiveCfg = Debug|Any CPU
		{C5199BFF-BB17-4309-AF4C-5472EA3D5E9A}.Debug|Any CPU.Build.0 = Debug|Any CPU
		{C5199BFF-BB17-4309-AF4C-5472EA3D5E9A}.Release|Any CPU.ActiveCfg = Release|Any CPU
		{C5199BFF-BB17-4309-AF4C-5472EA3D5E9A}.Release|Any CPU.Build.0 = Release|Any CPU
	EndGlobalSection
	GlobalSection(SolutionProperties) = preSolution
		HideSolutionNode = FALSE
	EndGlobalSection
	GlobalSection(ExtensibilityGlobals) = postSolution
		SolutionGuid = {32B02A1C-9719-4982-9CE4-D759D0F6EE59}
	EndGlobalSection
EndGlobal
