
Microsoft Visual Studio Solution File, Format Version 12.00
# Visual Studio Version 17
VisualStudioVersion = 17.8.34309.116
MinimumVisualStudioVersion = 10.0.40219.1
Project("{9A19103F-16F7-4668-BE54-9A1E7A4F7556}") = "Lanucher", "Lanucher\Lanucher.csproj", "{90EB302E-D778-4397-89D8-A94AC2B846D2}"
EndProject
Project("{9A19103F-16F7-4668-BE54-9A1E7A4F7556}") = "Shit.Core", "Shit.Core\Shit.Core.csproj", "{66D52FA7-EF9A-4091-9E7B-72DC3EB82844}"
EndProject
Project("{9A19103F-16F7-4668-BE54-9A1E7A4F7556}") = "Shit.Game", "Shit.Game\Shit.Game.csproj", "{76153C26-2C5B-4E24-A3E4-E0D59362B5EF}"
EndProject
Global
	GlobalSection(SolutionConfigurationPlatforms) = preSolution
		Debug|Any CPU = Debug|Any CPU
		Release|Any CPU = Release|Any CPU
	EndGlobalSection
	GlobalSection(ProjectConfigurationPlatforms) = postSolution
		{90EB302E-D778-4397-89D8-A94AC2B846D2}.Debug|Any CPU.ActiveCfg = Debug|Any CPU
		{90EB302E-D778-4397-89D8-A94AC2B846D2}.Debug|Any CPU.Build.0 = Debug|Any CPU
		{90EB302E-D778-4397-89D8-A94AC2B846D2}.Release|Any CPU.ActiveCfg = Release|Any CPU
		{90EB302E-D778-4397-89D8-A94AC2B846D2}.Release|Any CPU.Build.0 = Release|Any CPU
		{66D52FA7-EF9A-4091-9E7B-72DC3EB82844}.Debug|Any CPU.ActiveCfg = Debug|Any CPU
		{66D52FA7-EF9A-4091-9E7B-72DC3EB82844}.Debug|Any CPU.Build.0 = Debug|Any CPU
		{66D52FA7-EF9A-4091-9E7B-72DC3EB82844}.Release|Any CPU.ActiveCfg = Release|Any CPU
		{66D52FA7-EF9A-4091-9E7B-72DC3EB82844}.Release|Any CPU.Build.0 = Release|Any CPU
		{76153C26-2C5B-4E24-A3E4-E0D59362B5EF}.Debug|Any CPU.ActiveCfg = Debug|Any CPU
		{76153C26-2C5B-4E24-A3E4-E0D59362B5EF}.Debug|Any CPU.Build.0 = Debug|Any CPU
		{76153C26-2C5B-4E24-A3E4-E0D59362B5EF}.Release|Any CPU.ActiveCfg = Release|Any CPU
		{76153C26-2C5B-4E24-A3E4-E0D59362B5EF}.Release|Any CPU.Build.0 = Release|Any CPU
	EndGlobalSection
	GlobalSection(SolutionProperties) = preSolution
		HideSolutionNode = FALSE
	EndGlobalSection
	GlobalSection(ExtensibilityGlobals) = postSolution
		SolutionGuid = {72718B93-0752-4875-B90A-2914F477B4D1}
	EndGlobalSection
EndGlobal
