
Microsoft Visual Studio Solution File, Format Version 12.00
# Visual Studio Version 17
VisualStudioVersion = 17.1.32328.378
MinimumVisualStudioVersion = 10.0.40219.1
Project("{9A19103F-16F7-4668-BE54-9A1E7A4F7556}") = "ExcelToDB", "ExcelToDB\ExcelToDB.csproj", "{3F928A49-15F6-46C6-8800-6E8F90CE46BB}"
EndProject
Global
	GlobalSection(SolutionConfigurationPlatforms) = preSolution
		Debug|Any CPU = Debug|Any CPU
		Release|Any CPU = Release|Any CPU
	EndGlobalSection
	GlobalSection(ProjectConfigurationPlatforms) = postSolution
		{3F928A49-15F6-46C6-8800-6E8F90CE46BB}.Debug|Any CPU.ActiveCfg = Debug|Any CPU
		{3F928A49-15F6-46C6-8800-6E8F90CE46BB}.Debug|Any CPU.Build.0 = Debug|Any CPU
		{3F928A49-15F6-46C6-8800-6E8F90CE46BB}.Release|Any CPU.ActiveCfg = Debug|Any CPU
		{3F928A49-15F6-46C6-8800-6E8F90CE46BB}.Release|Any CPU.Build.0 = Debug|Any CPU
	EndGlobalSection
	GlobalSection(SolutionProperties) = preSolution
		HideSolutionNode = FALSE
	EndGlobalSection
	GlobalSection(ExtensibilityGlobals) = postSolution
		SolutionGuid = {23DA05FE-F8CA-42EE-91E4-D96C63ED9CC8}
	EndGlobalSection
EndGlobal
