
Microsoft Visual Studio Solution File, Format Version 12.00
# Visual Studio Version 17
VisualStudioVersion = 17.5.33502.453
MinimumVisualStudioVersion = 10.0.40219.1
Project("{FAE04EC0-301F-11D3-BF4B-00C04F79EFBC}") = "PBCodeGen", "PBCodeGen\PBCodeGen.csproj", "{4212AD7A-D906-4EA8-86A9-19E4C6183CCC}"
EndProject
Global
	GlobalSection(SolutionConfigurationPlatforms) = preSolution
		Debug|Any CPU = Debug|Any CPU
		Release|Any CPU = Release|Any CPU
	EndGlobalSection
	GlobalSection(ProjectConfigurationPlatforms) = postSolution
		{4212AD7A-D906-4EA8-86A9-19E4C6183CCC}.Debug|Any CPU.ActiveCfg = Debug|Any CPU
		{4212AD7A-D906-4EA8-86A9-19E4C6183CCC}.Debug|Any CPU.Build.0 = Debug|Any CPU
		{4212AD7A-D906-4EA8-86A9-19E4C6183CCC}.Release|Any CPU.ActiveCfg = Release|Any CPU
		{4212AD7A-D906-4EA8-86A9-19E4C6183CCC}.Release|Any CPU.Build.0 = Release|Any CPU
	EndGlobalSection
	GlobalSection(SolutionProperties) = preSolution
		HideSolutionNode = FALSE
	EndGlobalSection
	GlobalSection(ExtensibilityGlobals) = postSolution
		SolutionGuid = {27299117-B4AD-4397-93F6-2C100D53DD62}
	EndGlobalSection
EndGlobal
